
Microsoft Visual Studio Solution File, Format Version 12.00
# Visual Studio 14
VisualStudioVersion = 14.0.25420.1
MinimumVisualStudioVersion = 10.0.40219.1
Project("{FAE04EC0-301F-11D3-BF4B-00C04F79EFBC}") = "WebAPI", "WebAPI\WebAPI.csproj", "{71809314-1BBC-4BDC-A384-2DAD89C92FCA}"
EndProject
Project("{FAE04EC0-301F-11D3-BF4B-00C04F79EFBC}") = "Common", "Common\Common.csproj", "{F8118164-1D39-4BC0-B808-8B0CF435C958}"
EndProject
Global
	GlobalSection(SolutionConfigurationPlatforms) = preSolution
		Debug|Any CPU = Debug|Any CPU
		Release|Any CPU = Release|Any CPU
	EndGlobalSection
	GlobalSection(ProjectConfigurationPlatforms) = postSolution
		{71809314-1BBC-4BDC-A384-2DAD89C92FCA}.Debug|Any CPU.ActiveCfg = Debug|Any CPU
		{71809314-1BBC-4BDC-A384-2DAD89C92FCA}.Debug|Any CPU.Build.0 = Debug|Any CPU
		{71809314-1BBC-4BDC-A384-2DAD89C92FCA}.Release|Any CPU.ActiveCfg = Release|Any CPU
		{71809314-1BBC-4BDC-A384-2DAD89C92FCA}.Release|Any CPU.Build.0 = Release|Any CPU
		{F8118164-1D39-4BC0-B808-8B0CF435C958}.Debug|Any CPU.ActiveCfg = Debug|Any CPU
		{F8118164-1D39-4BC0-B808-8B0CF435C958}.Debug|Any CPU.Build.0 = Debug|Any CPU
		{F8118164-1D39-4BC0-B808-8B0CF435C958}.Release|Any CPU.ActiveCfg = Release|Any CPU
		{F8118164-1D39-4BC0-B808-8B0CF435C958}.Release|Any CPU.Build.0 = Release|Any CPU
	EndGlobalSection
	GlobalSection(SolutionProperties) = preSolution
		HideSolutionNode = FALSE
	EndGlobalSection
	GlobalSection(ExtensibilityGlobals) = postSolution
		SolutionGuid = {7F99466B-E973-4084-9157-8699F691061D}
	EndGlobalSection
EndGlobal
